<?xml version="1.0" encoding="utf-8"?>
<Project ToolsVersion="4.0" xmlns="http://schemas.microsoft.com/developer/msbuild/2003">
  <ItemGroup>
    <Filter Include="ソース ファイル">
      <UniqueIdentifier>{4FC737F1-C7A5-4376-A066-2A32D752A2FF}</UniqueIdentifier>
      <Extensions>cpp;c;cc;cxx;def;odl;idl;hpj;bat;asm;asmx</Extensions>
    </Filter>
    <Filter Include="ヘッダー ファイル">
      <UniqueIdentifier>{93995380-89BD-4b04-88EB-625FBE52EBFB}</UniqueIdentifier>
      <Extensions>h;hh;hpp;hxx;hm;inl;inc;xsd</Extensions>
    </Filter>
    <Filter Include="リソース ファイル">
      <UniqueIdentifier>{67DA6AB6-F800-4c08-8B7A-83BB121AAD01}</UniqueIdentifier>
      <Extensions>rc;ico;cur;bmp;dlg;rc2;rct;bin;rgs;gif;jpg;jpeg;jpe;resx;tiff;tif;png;wav;mfcribbon-ms</Extensions>
    </Filter>
  </ItemGroup>
  <ItemGroup>
    <ClCompile Include="code\Project\main.cpp">
      <Filter>ソース ファイル</Filter>
    </ClCompile>
    <ClCompile Include="code\Project\manager.cpp">
      <Filter>ソース ファイル</Filter>
    </ClCompile>
    <ClCompile Include="code\Project\precompile.cpp">
      <Filter>ソース ファイル</Filter>
    </ClCompile>
    <ClCompile Include="code\Project\System\csv_file.cpp">
      <Filter>ソース ファイル</Filter>
    </ClCompile>
    <ClCompile Include="code\Project\System\StageEditor.cpp">
      <Filter>ソース ファイル</Filter>
    </ClCompile>
    <ClCompile Include="code\Project\System\words\font.cpp">
      <Filter>ソース ファイル</Filter>
    </ClCompile>
    <ClCompile Include="code\Project\System\words\font-text.cpp">
      <Filter>ソース ファイル</Filter>
    </ClCompile>
    <ClCompile Include="code\Project\System\words\words.cpp">
      <Filter>ソース ファイル</Filter>
    </ClCompile>
    <ClCompile Include="code\Project\System\words\object\font-object.cpp">
      <Filter>ソース ファイル</Filter>
    </ClCompile>
    <ClCompile Include="code\Project\Object\stage-object.cpp">
      <Filter>ソース ファイル</Filter>
    </ClCompile>
    <ClCompile Include="code\Project\Object\stage-object-manager.cpp">
      <Filter>ソース ファイル</Filter>
    </ClCompile>
    <ClCompile Include="code\Project\Object\Item\Parts.cpp">
      <Filter>ソース ファイル</Filter>
    </ClCompile>
    <ClCompile Include="code\Project\Object\Gimmick\goalgate.cpp">
      <Filter>ソース ファイル</Filter>
    </ClCompile>
    <ClCompile Include="code\Project\Object\Gimmick\meteor.cpp">
      <Filter>ソース ファイル</Filter>
    </ClCompile>
    <ClCompile Include="code\Project\Object\Gimmick\RoadTripLaser.cpp">
      <Filter>ソース ファイル</Filter>
    </ClCompile>
    <ClCompile Include="code\Project\Object\Gimmick\rocket.cpp">
      <Filter>ソース ファイル</Filter>
    </ClCompile>
    <ClCompile Include="code\Project\Object\Gimmick\Spike.cpp">
      <Filter>ソース ファイル</Filter>
    </ClCompile>
    <ClCompile Include="code\Project\Object\Gimmick\trampoline.cpp">
      <Filter>ソース ファイル</Filter>
    </ClCompile>
    <ClCompile Include="code\Project\Object\Block\block.cpp">
      <Filter>ソース ファイル</Filter>
    </ClCompile>
    <ClCompile Include="code\Project\Object\Block\fill-block.cpp">
      <Filter>ソース ファイル</Filter>
    </ClCompile>
    <ClCompile Include="code\Project\Object\Block\move-block.cpp">
      <Filter>ソース ファイル</Filter>
    </ClCompile>
    <ClCompile Include="code\Project\Object\BackGround\Planet.cpp">
      <Filter>ソース ファイル</Filter>
    </ClCompile>
    <ClCompile Include="code\Project\Object\BackGround\ShiningWave.cpp">
      <Filter>ソース ファイル</Filter>
    </ClCompile>
    <ClCompile Include="code\Project\Object\BackGround\Star.cpp">
      <Filter>ソース ファイル</Filter>
    </ClCompile>
    <ClCompile Include="code\Project\Mode\mode.cpp">
      <Filter>ソース ファイル</Filter>
    </ClCompile>
    <ClCompile Include="code\Project\Mode\mode_game.cpp">
      <Filter>ソース ファイル</Filter>
    </ClCompile>
    <ClCompile Include="code\Project\Mode\mode_logo.cpp">
      <Filter>ソース ファイル</Filter>
    </ClCompile>
    <ClCompile Include="code\Project\Mode\mode_result.cpp">
      <Filter>ソース ファイル</Filter>
    </ClCompile>
    <ClCompile Include="code\Project\Mode\mode_title.cpp">
      <Filter>ソース ファイル</Filter>
    </ClCompile>
    <ClCompile Include="code\Project\Effect\effect.cpp">
      <Filter>ソース ファイル</Filter>
    </ClCompile>
    <ClCompile Include="code\Project\Effect\effect-manager.cpp">
      <Filter>ソース ファイル</Filter>
    </ClCompile>
    <ClCompile Include="code\Project\Effect\particle.cpp">
      <Filter>ソース ファイル</Filter>
    </ClCompile>
    <ClCompile Include="code\Project\Character\player.cpp">
      <Filter>ソース ファイル</Filter>
    </ClCompile>
    <ClCompile Include="code\_RNLib\RNlib.cpp">
      <Filter>ソース ファイル</Filter>
    </ClCompile>
    <ClCompile Include="code\_RNLib\Basis\default-data.cpp">
      <Filter>ソース ファイル</Filter>
    </ClCompile>
    <ClCompile Include="code\_RNLib\Basis\input.cpp">
      <Filter>ソース ファイル</Filter>
    </ClCompile>
    <ClCompile Include="code\_RNLib\Basis\setting.cpp">
      <Filter>ソース ファイル</Filter>
    </ClCompile>
    <ClCompile Include="code\_RNLib\Basis\sound.cpp">
      <Filter>ソース ファイル</Filter>
    </ClCompile>
    <ClCompile Include="code\_RNLib\Basis\Mechanical\file.cpp">
      <Filter>ソース ファイル</Filter>
    </ClCompile>
    <ClCompile Include="code\_RNLib\Basis\Mechanical\object.cpp">
      <Filter>ソース ファイル</Filter>
    </ClCompile>
    <ClCompile Include="code\_RNLib\Basis\Mechanical\object-manager.cpp">
      <Filter>ソース ファイル</Filter>
    </ClCompile>
    <ClCompile Include="code\_RNLib\Basis\Mechanical\print.cpp">
      <Filter>ソース ファイル</Filter>
    </ClCompile>
    <ClCompile Include="code\_RNLib\Basis\Mechanical\regist.cpp">
      <Filter>ソース ファイル</Filter>
    </ClCompile>
    <ClCompile Include="code\_RNLib\Basis\Mechanical\window.cpp">
      <Filter>ソース ファイル</Filter>
    </ClCompile>
    <ClCompile Include="code\_RNLib\Basis\Draw\camera.cpp">
      <Filter>ソース ファイル</Filter>
    </ClCompile>
    <ClCompile Include="code\_RNLib\Basis\Draw\camera_control.cpp">
      <Filter>ソース ファイル</Filter>
    </ClCompile>
    <ClCompile Include="code\_RNLib\Basis\Draw\color.cpp">
      <Filter>ソース ファイル</Filter>
    </ClCompile>
    <ClCompile Include="code\_RNLib\Basis\Draw\draw-info.cpp">
      <Filter>ソース ファイル</Filter>
    </ClCompile>
    <ClCompile Include="code\_RNLib\Basis\Draw\draw-manager.cpp">
      <Filter>ソース ファイル</Filter>
    </ClCompile>
    <ClCompile Include="code\_RNLib\Basis\Draw\draw-state.cpp">
      <Filter>ソース ファイル</Filter>
    </ClCompile>
    <ClCompile Include="code\_RNLib\Basis\Draw\light3D.cpp">
      <Filter>ソース ファイル</Filter>
    </ClCompile>
    <ClCompile Include="code\_RNLib\Basis\Draw\text.cpp">
      <Filter>ソース ファイル</Filter>
    </ClCompile>
    <ClCompile Include="code\_RNLib\Basis\Draw\texture.cpp">
      <Filter>ソース ファイル</Filter>
    </ClCompile>
    <ClCompile Include="code\_RNLib\Basis\Draw\transition.cpp">
      <Filter>ソース ファイル</Filter>
    </ClCompile>
    <ClCompile Include="code\_RNLib\Basis\Draw\PutObject\model.cpp">
      <Filter>ソース ファイル</Filter>
    </ClCompile>
    <ClCompile Include="code\_RNLib\Basis\Draw\PutObject\polygon2D.cpp">
      <Filter>ソース ファイル</Filter>
    </ClCompile>
    <ClCompile Include="code\_RNLib\Basis\Draw\PutObject\polygon3D.cpp">
      <Filter>ソース ファイル</Filter>
    </ClCompile>
    <ClCompile Include="code\_RNLib\Basis\Draw\PutObject\text2D.cpp">
      <Filter>ソース ファイル</Filter>
    </ClCompile>
    <ClCompile Include="code\_RNLib\Basis\Draw\PutObject\text3D.cpp">
      <Filter>ソース ファイル</Filter>
    </ClCompile>
    <ClCompile Include="code\_RNLib\Basis\Calculation\ease.cpp">
      <Filter>ソース ファイル</Filter>
    </ClCompile>
    <ClCompile Include="code\_RNLib\Basis\Calculation\geometry.cpp">
      <Filter>ソース ファイル</Filter>
    </ClCompile>
    <ClCompile Include="code\_RNLib\Basis\Calculation\matrix.cpp">
      <Filter>ソース ファイル</Filter>
    </ClCompile>
    <ClCompile Include="code\_RNLib\Basis\Calculation\number.cpp">
      <Filter>ソース ファイル</Filter>
    </ClCompile>
    <ClCompile Include="code\_RNLib\Basis\3DObject\Body\doll3D.cpp">
      <Filter>ソース ファイル</Filter>
    </ClCompile>
    <ClCompile Include="code\_RNLib\Basis\3DObject\Body\doll3D-manager.cpp">
      <Filter>ソース ファイル</Filter>
    </ClCompile>
    <ClCompile Include="code\_RNLib\Basis\3DObject\Body\motion3D.cpp">
      <Filter>ソース ファイル</Filter>
    </ClCompile>
    <ClCompile Include="code\_RNLib\Basis\3DObject\Body\setup3D.cpp">
      <Filter>ソース ファイル</Filter>
    </ClCompile>
    <ClCompile Include="code\Project\Object\Gimmick\meteor_generator.cpp">
      <Filter>ソース ファイル</Filter>
    </ClCompile>
    <ClCompile Include="code\Project\Object\Gimmick\extenddog.cpp">
      <Filter>ソース ファイル</Filter>
    </ClCompile>
    <ClCompile Include="code\_RNLib\RNsettings.cpp">
      <Filter>ソース ファイル</Filter>
    </ClCompile>
    <ClCompile Include="code\Project\Object\UI\rocket-parts.cpp">
      <Filter>ソース ファイル</Filter>
    </ClCompile>
  </ItemGroup>
  <ItemGroup>
    <ClInclude Include="code\Project\main.h">
      <Filter>ソース ファイル</Filter>
    </ClInclude>
    <ClInclude Include="code\Project\manager.h">
      <Filter>ソース ファイル</Filter>
    </ClInclude>
    <ClInclude Include="code\Project\precompile.h">
      <Filter>ソース ファイル</Filter>
    </ClInclude>
    <ClInclude Include="code\Project\System\csv_file.h">
      <Filter>ソース ファイル</Filter>
    </ClInclude>
    <ClInclude Include="code\Project\System\StageEditor.h">
      <Filter>ソース ファイル</Filter>
    </ClInclude>
    <ClInclude Include="code\Project\System\words\font.h">
      <Filter>ソース ファイル</Filter>
    </ClInclude>
    <ClInclude Include="code\Project\System\words\font-text.h">
      <Filter>ソース ファイル</Filter>
    </ClInclude>
    <ClInclude Include="code\Project\System\words\words.h">
      <Filter>ソース ファイル</Filter>
    </ClInclude>
    <ClInclude Include="code\Project\System\words\object\font-object.h">
      <Filter>ソース ファイル</Filter>
    </ClInclude>
    <ClInclude Include="code\Project\Object\stage-object.h">
      <Filter>ソース ファイル</Filter>
    </ClInclude>
    <ClInclude Include="code\Project\Object\stage-object-manager.h">
      <Filter>ソース ファイル</Filter>
    </ClInclude>
    <ClInclude Include="code\Project\Object\Item\Parts.h">
      <Filter>ソース ファイル</Filter>
    </ClInclude>
    <ClInclude Include="code\Project\Object\Gimmick\goalgate.h">
      <Filter>ソース ファイル</Filter>
    </ClInclude>
    <ClInclude Include="code\Project\Object\Gimmick\meteor.h">
      <Filter>ソース ファイル</Filter>
    </ClInclude>
    <ClInclude Include="code\Project\Object\Gimmick\RoadTripLaser.h">
      <Filter>ソース ファイル</Filter>
    </ClInclude>
    <ClInclude Include="code\Project\Object\Gimmick\rocket.h">
      <Filter>ソース ファイル</Filter>
    </ClInclude>
    <ClInclude Include="code\Project\Object\Gimmick\Spike.h">
      <Filter>ソース ファイル</Filter>
    </ClInclude>
    <ClInclude Include="code\Project\Object\Gimmick\trampoline.h">
      <Filter>ソース ファイル</Filter>
    </ClInclude>
    <ClInclude Include="code\Project\Object\Block\block.h">
      <Filter>ソース ファイル</Filter>
    </ClInclude>
    <ClInclude Include="code\Project\Object\Block\fill-block.h">
      <Filter>ソース ファイル</Filter>
    </ClInclude>
    <ClInclude Include="code\Project\Object\Block\move-block.h">
      <Filter>ソース ファイル</Filter>
    </ClInclude>
    <ClInclude Include="code\Project\Object\BackGround\Planet.h">
      <Filter>ソース ファイル</Filter>
    </ClInclude>
    <ClInclude Include="code\Project\Object\BackGround\Shiningwave.h">
      <Filter>ソース ファイル</Filter>
    </ClInclude>
    <ClInclude Include="code\Project\Object\BackGround\Star.h">
      <Filter>ソース ファイル</Filter>
    </ClInclude>
    <ClInclude Include="code\Project\Mode\mode.h">
      <Filter>ソース ファイル</Filter>
    </ClInclude>
    <ClInclude Include="code\Project\Mode\mode_game.h">
      <Filter>ソース ファイル</Filter>
    </ClInclude>
    <ClInclude Include="code\Project\Mode\mode_logo.h">
      <Filter>ソース ファイル</Filter>
    </ClInclude>
    <ClInclude Include="code\Project\Mode\mode_result.h">
      <Filter>ソース ファイル</Filter>
    </ClInclude>
    <ClInclude Include="code\Project\Mode\mode_title.h">
      <Filter>ソース ファイル</Filter>
    </ClInclude>
    <ClInclude Include="code\Project\Effect\effect.h">
      <Filter>ソース ファイル</Filter>
    </ClInclude>
    <ClInclude Include="code\Project\Effect\effect-manager.h">
      <Filter>ソース ファイル</Filter>
    </ClInclude>
    <ClInclude Include="code\Project\Effect\particle.h">
      <Filter>ソース ファイル</Filter>
    </ClInclude>
    <ClInclude Include="code\Project\Character\player.h">
      <Filter>ソース ファイル</Filter>
    </ClInclude>
    <ClInclude Include="code\_RNLib\RNlib.h">
      <Filter>ソース ファイル</Filter>
    </ClInclude>
    <ClInclude Include="code\_RNLib\RNmain.h">
      <Filter>ソース ファイル</Filter>
    </ClInclude>
    <ClInclude Include="code\_RNLib\Basis\default-data.h">
      <Filter>ソース ファイル</Filter>
    </ClInclude>
    <ClInclude Include="code\_RNLib\Basis\input.h">
      <Filter>ソース ファイル</Filter>
    </ClInclude>
    <ClInclude Include="code\_RNLib\Basis\setting.h">
      <Filter>ソース ファイル</Filter>
    </ClInclude>
    <ClInclude Include="code\_RNLib\Basis\sound.h">
      <Filter>ソース ファイル</Filter>
    </ClInclude>
    <ClInclude Include="code\_RNLib\Basis\Mechanical\file.h">
      <Filter>ソース ファイル</Filter>
    </ClInclude>
    <ClInclude Include="code\_RNLib\Basis\Mechanical\memory.h">
      <Filter>ソース ファイル</Filter>
    </ClInclude>
    <ClInclude Include="code\_RNLib\Basis\Mechanical\object.h">
      <Filter>ソース ファイル</Filter>
    </ClInclude>
    <ClInclude Include="code\_RNLib\Basis\Mechanical\object-manager.h">
      <Filter>ソース ファイル</Filter>
    </ClInclude>
    <ClInclude Include="code\_RNLib\Basis\Mechanical\print.h">
      <Filter>ソース ファイル</Filter>
    </ClInclude>
    <ClInclude Include="code\_RNLib\Basis\Mechanical\regist.h">
      <Filter>ソース ファイル</Filter>
    </ClInclude>
    <ClInclude Include="code\_RNLib\Basis\Mechanical\window.h">
      <Filter>ソース ファイル</Filter>
    </ClInclude>
    <ClInclude Include="code\_RNLib\Basis\Draw\camera.h">
      <Filter>ソース ファイル</Filter>
    </ClInclude>
    <ClInclude Include="code\_RNLib\Basis\Draw\color.h">
      <Filter>ソース ファイル</Filter>
    </ClInclude>
    <ClInclude Include="code\_RNLib\Basis\Draw\draw-info.h">
      <Filter>ソース ファイル</Filter>
    </ClInclude>
    <ClInclude Include="code\_RNLib\Basis\Draw\draw-manager.h">
      <Filter>ソース ファイル</Filter>
    </ClInclude>
    <ClInclude Include="code\_RNLib\Basis\Draw\draw-state.h">
      <Filter>ソース ファイル</Filter>
    </ClInclude>
    <ClInclude Include="code\_RNLib\Basis\Draw\light3D.h">
      <Filter>ソース ファイル</Filter>
    </ClInclude>
    <ClInclude Include="code\_RNLib\Basis\Draw\text.h">
      <Filter>ソース ファイル</Filter>
    </ClInclude>
    <ClInclude Include="code\_RNLib\Basis\Draw\texture.h">
      <Filter>ソース ファイル</Filter>
    </ClInclude>
    <ClInclude Include="code\_RNLib\Basis\Draw\transition.h">
      <Filter>ソース ファイル</Filter>
    </ClInclude>
    <ClInclude Include="code\_RNLib\Basis\Draw\PutObject\model.h">
      <Filter>ソース ファイル</Filter>
    </ClInclude>
    <ClInclude Include="code\_RNLib\Basis\Draw\PutObject\polygon2D.h">
      <Filter>ソース ファイル</Filter>
    </ClInclude>
    <ClInclude Include="code\_RNLib\Basis\Draw\PutObject\polygon3D.h">
      <Filter>ソース ファイル</Filter>
    </ClInclude>
    <ClInclude Include="code\_RNLib\Basis\Draw\PutObject\text2D.h">
      <Filter>ソース ファイル</Filter>
    </ClInclude>
    <ClInclude Include="code\_RNLib\Basis\Draw\PutObject\text3D.h">
      <Filter>ソース ファイル</Filter>
    </ClInclude>
    <ClInclude Include="code\_RNLib\Basis\Calculation\ease.h">
      <Filter>ソース ファイル</Filter>
    </ClInclude>
    <ClInclude Include="code\_RNLib\Basis\Calculation\geometry.h">
      <Filter>ソース ファイル</Filter>
    </ClInclude>
    <ClInclude Include="code\_RNLib\Basis\Calculation\matrix.h">
      <Filter>ソース ファイル</Filter>
    </ClInclude>
    <ClInclude Include="code\_RNLib\Basis\Calculation\number.h">
      <Filter>ソース ファイル</Filter>
    </ClInclude>
    <ClInclude Include="code\_RNLib\Basis\3DObject\Body\doll3D.h">
      <Filter>ソース ファイル</Filter>
    </ClInclude>
    <ClInclude Include="code\_RNLib\Basis\3DObject\Body\doll3D-manager.h">
      <Filter>ソース ファイル</Filter>
    </ClInclude>
    <ClInclude Include="code\_RNLib\Basis\3DObject\Body\motion3D.h">
      <Filter>ソース ファイル</Filter>
    </ClInclude>
    <ClInclude Include="code\_RNLib\Basis\3DObject\Body\setup3D.h">
      <Filter>ソース ファイル</Filter>
    </ClInclude>
    <ClInclude Include="code\Project\Object\Gimmick\meteor_generator.h">
      <Filter>ヘッダー ファイル</Filter>
    </ClInclude>
    <ClInclude Include="code\Project\Object\Gimmick\extenddog.h">
      <Filter>ヘッダー ファイル</Filter>
    </ClInclude>
    <ClInclude Include="code\_RNLib\RNsettings.h">
      <Filter>ヘッダー ファイル</Filter>
    </ClInclude>
    <ClInclude Include="code\Project\Object\UI\rocket-parts.h">
      <Filter>ヘッダー ファイル</Filter>
    </ClInclude>
  </ItemGroup>
</Project>